PODS:
  - FMDB (2.7.10):
    - FMDB/standard (= 2.7.10)
  - FMDB/standard (2.7.10)
  - GodEye (2.0.3):
    - GodEye/ANREye (= 2.0.3)
    - GodEye/AppBaseKit (= 2.0.3)
    - GodEye/ASLEye (= 2.0.3)
    - GodEye/CrashEye (= 2.0.3)
    - GodEye/LeakEye (= 2.0.3)
    - GodEye/Log4G (= 2.0.3)
    - GodEye/NetworkEye (= 2.0.3)
    - GodEye/SystemEye (= 2.0.3)
    - GodEye/UIThreadEye (= 2.0.3)
    - SQLite.swift (= 0.13.3)
  - GodEye/ANREye (2.0.3):
    - SQLite.swift (= 0.13.3)
  - GodEye/AppBaseKit (2.0.3):
    - SQLite.swift (= 0.13.3)
  - GodEye/ASLEye (2.0.3):
    - SQLite.swift (= 0.13.3)
  - GodEye/CrashEye (2.0.3):
    - SQLite.swift (= 0.13.3)
  - GodEye/LeakEye (2.0.3):
    - SQLite.swift (= 0.13.3)
  - GodEye/Log4G (2.0.3):
    - SQLite.swift (= 0.13.3)
  - GodEye/NetworkEye (2.0.3):
    - SQLite.swift (= 0.13.3)
  - GodEye/SystemEye (2.0.3):
    - SQLite.swift (= 0.13.3)
  - GodEye/UIThreadEye (2.0.3):
    - SQLite.swift (= 0.13.3)
  - SQLite.swift (0.13.3):
    - SQLite.swift/standard (= 0.13.3)
  - SQLite.swift/standard (0.13.3)

DEPENDENCIES:
  - FMDB (= 2.7.10)
  - GodEye (from `../`)

SPEC REPOS:
  trunk:
    - FMDB
    - SQLite.swift

EXTERNAL SOURCES:
  GodEye:
    :path: "../"

SPEC CHECKSUMS:
  FMDB: eae540775bf7d0c87a5af926ae37af69effe5a19
  GodEye: 88ac51552400919e4ebe516c3ee54b8fa1c452a3
  SQLite.swift: 903bfa3bc9ab06345fdfbb578e34f47cfcf417da

PODFILE CHECKSUM: b38bf4c4688f60b06b5c1e0d8acedeca566a3509

COCOAPODS: 1.14.3
